
Microsoft Visual Studio Solution File, Format Version 12.00
# Visual Studio Version 16
VisualStudioVersion = 16.0.30114.105
MinimumVisualStudioVersion = 10.0.40219.1
Project("{FAE04EC0-301F-11D3-BF4B-00C04F79EFBC}") = "NGroot", "src\NGroot.csproj", "{5C13BDD2-0AF8-4DC3-8917-C374D4682A4A}"
EndProject
Project("{FAE04EC0-301F-11D3-BF4B-00C04F79EFBC}") = "NGroot.Tests", "tests\NGroot.Tests.csproj", "{D3C91116-A01A-4F23-B5E5-91849C75FB18}"
EndProject
Global
	GlobalSection(SolutionConfigurationPlatforms) = preSolution
		Debug|Any CPU = Debug|Any CPU
		Release|Any CPU = Release|Any CPU
	EndGlobalSection
	GlobalSection(SolutionProperties) = preSolution
		HideSolutionNode = FALSE
	EndGlobalSection
	GlobalSection(ProjectConfigurationPlatforms) = postSolution
		{5C13BDD2-0AF8-4DC3-8917-C374D4682A4A}.Debug|Any CPU.ActiveCfg = Debug|Any CPU
		{5C13BDD2-0AF8-4DC3-8917-C374D4682A4A}.Debug|Any CPU.Build.0 = Debug|Any CPU
		{5C13BDD2-0AF8-4DC3-8917-C374D4682A4A}.Release|Any CPU.ActiveCfg = Release|Any CPU
		{5C13BDD2-0AF8-4DC3-8917-C374D4682A4A}.Release|Any CPU.Build.0 = Release|Any CPU
		{D3C91116-A01A-4F23-B5E5-91849C75FB18}.Debug|Any CPU.ActiveCfg = Debug|Any CPU
		{D3C91116-A01A-4F23-B5E5-91849C75FB18}.Debug|Any CPU.Build.0 = Debug|Any CPU
		{D3C91116-A01A-4F23-B5E5-91849C75FB18}.Release|Any CPU.ActiveCfg = Release|Any CPU
		{D3C91116-A01A-4F23-B5E5-91849C75FB18}.Release|Any CPU.Build.0 = Release|Any CPU
	EndGlobalSection
EndGlobal
